PODS:
  - Alamofire (5.4.4)
  - IQKeyboardManagerSwift (6.5.9)
  - JWTDecode (2.6.3)
  - MaterialComponents/AnimationTiming (124.2.0)
  - MaterialComponents/Availability (124.2.0)
  - MaterialComponents/private/Math (124.2.0)
  - "MaterialComponents/private/TextControlsPrivate+BaseStyle (124.2.0)":
    - MaterialComponents/AnimationTiming
    - MaterialComponents/private/Math
    - "MaterialComponents/private/TextControlsPrivate+Shared"
  - "MaterialComponents/private/TextControlsPrivate+OutlinedStyle (124.2.0)":
    - MaterialComponents/AnimationTiming
    - MaterialComponents/Availability
    - MaterialComponents/private/Math
    - "MaterialComponents/private/TextControlsPrivate+Shared"
  - "MaterialComponents/private/TextControlsPrivate+Shared (124.2.0)":
    - MaterialComponents/AnimationTiming
    - MaterialComponents/private/Math
    - "MaterialComponents/TextControls+Enums"
  - "MaterialComponents/private/TextControlsPrivate+TextFields (124.2.0)":
    - MaterialComponents/private/Math
    - "MaterialComponents/private/TextControlsPrivate+Shared"
  - "MaterialComponents/TextControls+BaseTextFields (124.2.0)":
    - "MaterialComponents/private/TextControlsPrivate+BaseStyle"
    - "MaterialComponents/private/TextControlsPrivate+Shared"
    - "MaterialComponents/private/TextControlsPrivate+TextFields"
    - MDFInternationalization
  - "MaterialComponents/TextControls+Enums (124.2.0)"
  - "MaterialComponents/TextControls+OutlinedTextFields (124.2.0)":
    - MaterialComponents/Availability
    - "MaterialComponents/private/TextControlsPrivate+OutlinedStyle"
    - "MaterialComponents/TextControls+BaseTextFields"
  - MaterialTextField (1.0.1)
  - MDFInternationalization (3.0.0)
  - NVActivityIndicatorView (5.1.1):
    - NVActivityIndicatorView/Base (= 5.1.1)
  - NVActivityIndicatorView/Base (5.1.1)
  - SwiftyJSON (5.0.1)

DEPENDENCIES:
  - Alamofire
  - IQKeyboardManagerSwift
  - JWTDecode (~> 2.6)
  - "MaterialComponents/TextControls+OutlinedTextFields"
  - MaterialTextField
  - NVActivityIndicatorView
  - SwiftyJSON

SPEC REPOS:
  trunk:
    - Alamofire
    - IQKeyboardManagerSwift
    - JWTDecode
    - MaterialComponents
    - MaterialTextField
    - MDFInternationalization
    - NVActivityIndicatorView
    - SwiftyJSON

SPEC CHECKSUMS:
  Alamofire: f3b09a368f1582ab751b3fff5460276e0d2cf5c9
  IQKeyboardManagerSwift: 6e839c575c4aa1078d58a596e41244e77abe918f
  JWTDecode: 33e5e26e5ddbd21b2065820894c08fef0cad9509
  MaterialComponents: 1a9b2d9d45b1601ae544de85089adc4c464306d4
  MaterialTextField: f1a0786588e4d3610cb9bb62d2adbe9777cebbf9
  MDFInternationalization: d697c55307816222a55685c4ccb1044ffb030c12
  NVActivityIndicatorView: 1f6c5687f1171810aa27a3296814dc2d7dec3667
  SwiftyJSON: 2f33a42c6fbc52764d96f13368585094bfd8aa5e

PODFILE CHECKSUM: e20829436d93922ef33652d2f0a0cd66523bc425

COCOAPODS: 1.11.2
